
Microsoft Visual Studio Solution File, Format Version 12.00
# Visual Studio Version 17
VisualStudioVersion = 17.13.35919.96 d17.13
MinimumVisualStudioVersion = 10.0.40219.1
Project("{FAE04EC0-301F-11D3-BF4B-00C04F79EFBC}") = "Cadastro1", "Cadastro1\Cadastro1.csproj", "{2C2F724E-4F48-474E-8EB1-078D1E8749EB}"
EndProject
Global
	GlobalSection(SolutionConfigurationPlatforms) = preSolution
		Debug|Any CPU = Debug|Any CPU
		Release|Any CPU = Release|Any CPU
	EndGlobalSection
	GlobalSection(ProjectConfigurationPlatforms) = postSolution
		{2C2F724E-4F48-474E-8EB1-078D1E8749EB}.Debug|Any CPU.ActiveCfg = Debug|Any CPU
		{2C2F724E-4F48-474E-8EB1-078D1E8749EB}.Debug|Any CPU.Build.0 = Debug|Any CPU
		{2C2F724E-4F48-474E-8EB1-078D1E8749EB}.Release|Any CPU.ActiveCfg = Release|Any CPU
		{2C2F724E-4F48-474E-8EB1-078D1E8749EB}.Release|Any CPU.Build.0 = Release|Any CPU
	EndGlobalSection
	GlobalSection(SolutionProperties) = preSolution
		HideSolutionNode = FALSE
	EndGlobalSection
	GlobalSection(ExtensibilityGlobals) = postSolution
		SolutionGuid = {D9ABA7E6-BA7A-4EA4-BBA6-4605F9E5126E}
	EndGlobalSection
EndGlobal
